
Microsoft Visual Studio Solution File, Format Version 12.00
# Visual Studio Version 17
VisualStudioVersion = 17.2.32630.192
MinimumVisualStudioVersion = 10.0.40219.1
Project("{9A19103F-16F7-4668-BE54-9A1E7A4F7556}") = "HelpHomeApi", "HelpHome\HelpHomeApi.csproj", "{E8D911FD-CB3B-41E3-B86E-6B7855FE30B9}"
EndProject
Project("{9A19103F-16F7-4668-BE54-9A1E7A4F7556}") = "Data", "Data\Data.csproj", "{D32D81C0-C455-4E1E-96F6-A0D91A69FA33}"
EndProject
Project("{9A19103F-16F7-4668-BE54-9A1E7A4F7556}") = "Domain", "Domain\Domain.csproj", "{B0F702E8-66DC-4E84-B533-C69F16C9873E}"
EndProject
Global
	GlobalSection(SolutionConfigurationPlatforms) = preSolution
		Debug|Any CPU = Debug|Any CPU
		Release|Any CPU = Release|Any CPU
	EndGlobalSection
	GlobalSection(ProjectConfigurationPlatforms) = postSolution
		{E8D911FD-CB3B-41E3-B86E-6B7855FE30B9}.Debug|Any CPU.ActiveCfg = Debug|Any CPU
		{E8D911FD-CB3B-41E3-B86E-6B7855FE30B9}.Debug|Any CPU.Build.0 = Debug|Any CPU
		{E8D911FD-CB3B-41E3-B86E-6B7855FE30B9}.Release|Any CPU.ActiveCfg = Release|Any CPU
		{E8D911FD-CB3B-41E3-B86E-6B7855FE30B9}.Release|Any CPU.Build.0 = Release|Any CPU
		{D32D81C0-C455-4E1E-96F6-A0D91A69FA33}.Debug|Any CPU.ActiveCfg = Debug|Any CPU
		{D32D81C0-C455-4E1E-96F6-A0D91A69FA33}.Debug|Any CPU.Build.0 = Debug|Any CPU
		{D32D81C0-C455-4E1E-96F6-A0D91A69FA33}.Release|Any CPU.ActiveCfg = Release|Any CPU
		{D32D81C0-C455-4E1E-96F6-A0D91A69FA33}.Release|Any CPU.Build.0 = Release|Any CPU
		{B0F702E8-66DC-4E84-B533-C69F16C9873E}.Debug|Any CPU.ActiveCfg = Debug|Any CPU
		{B0F702E8-66DC-4E84-B533-C69F16C9873E}.Debug|Any CPU.Build.0 = Debug|Any CPU
		{B0F702E8-66DC-4E84-B533-C69F16C9873E}.Release|Any CPU.ActiveCfg = Release|Any CPU
		{B0F702E8-66DC-4E84-B533-C69F16C9873E}.Release|Any CPU.Build.0 = Release|Any CPU
	EndGlobalSection
	GlobalSection(SolutionProperties) = preSolution
		HideSolutionNode = FALSE
	EndGlobalSection
	GlobalSection(ExtensibilityGlobals) = postSolution
		SolutionGuid = {33FA66C6-415F-4376-97D2-577BB1E01C51}
	EndGlobalSection
EndGlobal
